// !$*UTF8*$!
{
	archiveVersion = 1;
	classes = {
	};
	objectVersion = 55;
	objects = {

/* Begin PBXBuildFile section */
		68ABD11B28DB460900F38B40 /* AppDelegate.swift in Sources */ = {isa = PBXBuildFile; fileRef = 68ABD11A28DB460900F38B40 /* AppDelegate.swift */; };
		68ABD11D28DB460900F38B40 /* SceneDelegate.swift in Sources */ = {isa = PBXBuildFile; fileRef = 68ABD11C28DB460900F38B40 /* SceneDelegate.swift */; };
		68ABD12228DB460900F38B40 /* Main.storyboard in Resources */ = {isa = PBXBuildFile; fileRef = 68ABD12028DB460900F38B40 /* Main.storyboard */; };
		68ABD12428DB460B00F38B40 /* Assets.xcassets in Resources */ = {isa = PBXBuildFile; fileRef = 68ABD12328DB460B00F38B40 /* Assets.xcassets */; };
		68ABD12728DB460B00F38B40 /* LaunchScreen.storyboard in Resources */ = {isa = PBXBuildFile; fileRef = 68ABD12528DB460B00F38B40 /* LaunchScreen.storyboard */; };
		68ABD12F28DB4A6000F38B40 /* FatorialViewController.swift in Sources */ = {isa = PBXBuildFile; fileRef = 68ABD12E28DB4A6000F38B40 /* FatorialViewController.swift */; };
		68ABD13128DB4AA900F38B40 /* FibonacciViewController.swift in Sources */ = {isa = PBXBuildFile; fileRef = 68ABD13028DB4AA900F38B40 /* FibonacciViewController.swift */; };
/* End PBXBuildFile section */

/* Begin PBXFileReference section */
		68ABD11728DB460900F38B40 /* FatoreFibo.app */ = {isa = PBXFileReference; explicitFileType = wrapper.application; includeInIndex = 0; path = FatoreFibo.app; sourceTree = BUILT_PRODUCTS_DIR; };
		68ABD11A28DB460900F38B40 /* AppDelegate.swift */ = {isa = PBXFileReference; lastKnownFileType = sourcecode.swift; path = AppDelegate.swift; sourceTree = "<group>"; };
		68ABD11C28DB460900F38B40 /* SceneDelegate.swift */ = {isa = PBXFileReference; lastKnownFileType = sourcecode.swift; path = SceneDelegate.swift; sourceTree = "<group>"; };
		68ABD12128DB460900F38B40 /* Base */ = {isa = PBXFileReference; lastKnownFileType = file.storyboard; name = Base; path = Base.lproj/Main.storyboard; sourceTree = "<group>"; };
		68ABD12328DB460B00F38B40 /* Assets.xcassets */ = {isa = PBXFileReference; lastKnownFileType = folder.assetcatalog; path = Assets.xcassets; sourceTree = "<group>"; };
		68ABD12628DB460B00F38B40 /* Base */ = {isa = PBXFileReference; lastKnownFileType = file.storyboard; name = Base; path = Base.lproj/LaunchScreen.storyboard; sourceTree = "<group>"; };
		68ABD12828DB460B00F38B40 /* Info.plist */ = {isa = PBXFileReference; lastKnownFileType = text.plist.xml; path = Info.plist; sourceTree = "<group>"; };
		68ABD12E28DB4A6000F38B40 /* FatorialViewController.swift */ = {isa = PBXFileReference; lastKnownFileType = sourcecode.swift; path = FatorialViewController.swift; sourceTree = "<group>"; };
		68ABD13028DB4AA900F38B40 /* FibonacciViewController.swift */ = {isa = PBXFileReference; lastKnownFileType = sourcecode.swift; path = FibonacciViewController.swift; sourceTree = "<group>"; };
/* End PBXFileReference section */

/* Begin PBXFrameworksBuildPhase section */
		68ABD11428DB460900F38B40 /* Frameworks */ = {
			isa = PBXFrameworksBuildPhase;
			buildActionMask = 2147483647;
			files = (
			);
			runOnlyForDeploymentPostprocessing = 0;
		};
/* End PBXFrameworksBuildPhase section */

/* Begin PBXGroup section */
		68ABD10E28DB460900F38B40 = {
			isa = PBXGroup;
			children = (
				68ABD11928DB460900F38B40 /* FatoreFibo */,
				68ABD11828DB460900F38B40 /* Products */,
			);
			sourceTree = "<group>";
		};
		68ABD11828DB460900F38B40 /* Products */ = {
			isa = PBXGroup;
			children = (
				68ABD11728DB460900F38B40 /* FatoreFibo.app */,
			);
			name = Products;
			sourceTree = "<group>";
		};
		68ABD11928DB460900F38B40 /* FatoreFibo */ = {
			isa = PBXGroup;
			children = (
				68ABD11A28DB460900F38B40 /* AppDelegate.swift */,
				68ABD11C28DB460900F38B40 /* SceneDelegate.swift */,
				68ABD12028DB460900F38B40 /* Main.storyboard */,
				68ABD12328DB460B00F38B40 /* Assets.xcassets */,
				68ABD12528DB460B00F38B40 /* LaunchScreen.storyboard */,
				68ABD12828DB460B00F38B40 /* Info.plist */,
				68ABD12E28DB4A6000F38B40 /* FatorialViewController.swift */,
				68ABD13028DB4AA900F38B40 /* FibonacciViewController.swift */,
			);
			path = FatoreFibo;
			sourceTree = "<group>";
		};
/* End PBXGroup section */

/* Begin PBXNativeTarget section */
		68ABD11628DB460900F38B40 /* FatoreFibo */ = {
			isa = PBXNativeTarget;
			buildConfigurationList = 68ABD12B28DB460B00F38B40 /* Build configuration list for PBXNativeTarget "FatoreFibo" */;
			buildPhases = (
				68ABD11328DB460900F38B40 /* Sources */,
				68ABD11428DB460900F38B40 /* Frameworks */,
				68ABD11528DB460900F38B40 /* Resources */,
			);
			buildRules = (
			);
			dependencies = (
			);
			name = FatoreFibo;
			productName = FatoreFibo;
			productReference = 68ABD11728DB460900F38B40 /* FatoreFibo.app */;
			productType = "com.apple.product-type.application";
		};
/* End PBXNativeTarget section */

/* Begin PBXProject section */
		68ABD10F28DB460900F38B40 /* Project object */ = {
			isa = PBXProject;
			attributes = {
				BuildIndependentTargetsInParallel = 1;
				LastSwiftUpdateCheck = 1340;
				LastUpgradeCheck = 1340;
				TargetAttributes = {
					68ABD11628DB460900F38B40 = {
						CreatedOnToolsVersion = 13.4.1;
					};
				};
			};
			buildConfigurationList = 68ABD11228DB460900F38B40 /* Build configuration list for PBXProject "FatoreFibo" */;
			compatibilityVersion = "Xcode 13.0";
			developmentRegion = en;
			hasScannedForEncodings = 0;
			knownRegions = (
				en,
				Base,
			);
			mainGroup = 68ABD10E28DB460900F38B40;
			productRefGroup = 68ABD11828DB460900F38B40 /* Products */;
			projectDirPath = "";
			projectRoot = "";
			targets = (
				68ABD11628DB460900F38B40 /* FatoreFibo */,
			);
		};
/* End PBXProject section */

/* Begin PBXResourcesBuildPhase section */
		68ABD11528DB460900F38B40 /* Resources */ = {
			isa = PBXResourcesBuildPhase;
			buildActionMask = 2147483647;
			files = (
				68ABD12728DB460B00F38B40 /* LaunchScreen.storyboard in Resources */,
				68ABD12428DB460B00F38B40 /* Assets.xcassets in Resources */,
				68ABD12228DB460900F38B40 /* Main.storyboard in Resources */,
			);
			runOnlyForDeploymentPostprocessing = 0;
		};
/* End PBXResourcesBuildPhase section */

/* Begin PBXSourcesBuildPhase section */
		68ABD11328DB460900F38B40 /* Sources */ = {
			isa = PBXSourcesBuildPhase;
			buildActionMask = 2147483647;
			files = (
				68ABD11B28DB460900F38B40 /* AppDelegate.swift in Sources */,
				68ABD13128DB4AA900F38B40 /* FibonacciViewController.swift in Sources */,
				68ABD11D28DB460900F38B40 /* SceneDelegate.swift in Sources */,
				68ABD12F28DB4A6000F38B40 /* FatorialViewController.swift in Sources */,
			);
			runOnlyForDeploymentPostprocessing = 0;
		};
/* End PBXSourcesBuildPhase section */

/* Begin PBXVariantGroup section */
		68ABD12028DB460900F38B40 /* Main.storyboard */ = {
			isa = PBXVariantGroup;
			children = (
				68ABD12128DB460900F38B40 /* Base */,
			);
			name = Main.storyboard;
			sourceTree = "<group>";
		};
		68ABD12528DB460B00F38B40 /* LaunchScreen.storyboard */ = {
			isa = PBXVariantGroup;
			children = (
				68ABD12628DB460B00F38B40 /* Base */,
			);
			name = LaunchScreen.storyboard;
			sourceTree = "<group>";
		};
/* End PBXVariantGroup section */

/* Begin XCBuildConfiguration section */
		68ABD12928DB460B00F38B40 /* Debug */ = {
			isa = XCBuildConfiguration;
			buildSettings = {
				ALWAYS_SEARCH_USER_PATHS = NO;
				CLANG_ANALYZER_NONNULL = YES;
				CLANG_ANALYZER_NUMBER_OBJECT_CONVERSION = YES_AGGRESSIVE;
				CLANG_CXX_LANGUAGE_STANDARD = "gnu++17";
				CLANG_ENABLE_MODULES = YES;
				CLANG_ENABLE_OBJC_ARC = YES;
				CLANG_ENABLE_OBJC_WEAK = YES;
				CLANG_WARN_BLOCK_CAPTURE_AUTORELEASING = YES;
				CLANG_WARN_BOOL_CONVERSION = YES;
				CLANG_WARN_COMMA = YES;
				CLANG_WARN_CONSTANT_CONVERSION = YES;
				CLANG_WARN_DEPRECATED_OBJC_IMPLEMENTATIONS = YES;
				CLANG_WARN_DIRECT_OBJC_ISA_USAGE = YES_ERROR;
				CLANG_WARN_DOCUMENTATION_COMMENTS = YES;
				CLANG_WARN_EMPTY_BODY = YES;
				CLANG_WARN_ENUM_CONVERSION = YES;
				CLANG_WARN_INFINITE_RECURSION = YES;
				CLANG_WARN_INT_CONVERSION = YES;
				CLANG_WARN_NON_LITERAL_NULL_CONVERSION = YES;
				CLANG_WARN_OBJC_IMPLICIT_RETAIN_SELF = YES;
				CLANG_WARN_OBJC_LITERAL_CONVERSION = YES;
				CLANG_WARN_OBJC_ROOT_CLASS = YES_ERROR;
				CLANG_WARN_QUOTED_INCLUDE_IN_FRAMEWORK_HEADER = YES;
				CLANG_WARN_RANGE_LOOP_ANALYSIS = YES;
				CLANG_WARN_STRICT_PROTOTYPES = YES;
				CLANG_WARN_SUSPICIOUS_MOVE = YES;
				CLANG_WARN_UNGUARDED_AVAILABILITY = YES_AGGRESSIVE;
				CLANG_WARN_UNREACHABLE_CODE = YES;
				CLANG_WARN__DUPLICATE_METHOD_MATCH = YES;
				COPY_PHASE_STRIP = NO;
				DEBUG_INFORMATION_FORMAT = dwarf;
				ENABLE_STRICT_OBJC_MSGSEND = YES;
				ENABLE_TESTABILITY = YES;
				GCC_C_LANGUAGE_STANDARD = gnu11;
				GCC_DYNAMIC_NO_PIC = NO;
				GCC_NO_COMMON_BLOCKS = YES;
				GCC_OPTIMIZATION_LEVEL = 0;
				GCC_PREPROCESSOR_DEFINITIONS = (
					"DEBUG=1",
					"$(inherited)",
				);
				GCC_WARN_64_TO_32_BIT_CONVERSION = YES;
				GCC_WARN_ABOUT_RETURN_TYPE = YES_ERROR;
				GCC_WARN_UNDECLARED_SELECTOR = YES;
				GCC_WARN_UNINITIALIZED_AUTOS = YES_AGGRESSIVE;
				GCC_WARN_UNUSED_FUNCTION = YES;
				GCC_WARN_UNUSED_VARIABLE = YES;
				IPHONEOS_DEPLOYMENT_TARGET = 15.5;
				MTL_ENABLE_DEBUG_INFO = INCLUDE_SOURCE;
				MTL_FAST_MATH = YES;
				ONLY_ACTIVE_ARCH = YES;
				SDKROOT = iphoneos;
				SWIFT_ACTIVE_COMPILATION_CONDITIONS = DEBUG;
				SWIFT_OPTIMIZATION_LEVEL = "-Onone";
			};
			name = Debug;
		};
		68ABD12A28DB460B00F38B40 /* Release */ = {
			isa = XCBuildConfiguration;
			buildSettings = {
				ALWAYS_SEARCH_USER_PATHS = NO;
				CLANG_ANALYZER_NONNULL = YES;
				CLANG_ANALYZER_NUMBER_OBJECT_CONVERSION = YES_AGGRESSIVE;
				CLANG_CXX_LANGUAGE_STANDARD = "gnu++17";
				CLANG_ENABLE_MODULES = YES;
				CLANG_ENABLE_OBJC_ARC = YES;
				CLANG_ENABLE_OBJC_WEAK = YES;
				CLANG_WARN_BLOCK_CAPTURE_AUTORELEASING = YES;
				CLANG_WARN_BOOL_CONVERSION = YES;
				CLANG_WARN_COMMA = YES;
				CLANG_WARN_CONSTANT_CONVERSION = YES;
				CLANG_WARN_DEPRECATED_OBJC_IMPLEMENTATIONS = YES;
				CLANG_WARN_DIRECT_OBJC_ISA_USAGE = YES_ERROR;
				CLANG_WARN_DOCUMENTATION_COMMENTS = YES;
				CLANG_WARN_EMPTY_BODY = YES;
				CLANG_WARN_ENUM_CONVERSION = YES;
				CLANG_WARN_INFINITE_RECURSION = YES;
				CLANG_WARN_INT_CONVERSION = YES;
				CLANG_WARN_NON_LITERAL_NULL_CONVERSION = YES;
				CLANG_WARN_OBJC_IMPLICIT_RETAIN_SELF = YES;
				CLANG_WARN_OBJC_LITERAL_CONVERSION = YES;
				CLANG_WARN_OBJC_ROOT_CLASS = YES_ERROR;
				CLANG_WARN_QUOTED_INCLUDE_IN_FRAMEWORK_HEADER = YES;
				CLANG_WARN_RANGE_LOOP_ANALYSIS = YES;
				CLANG_WARN_STRICT_PROTOTYPES = YES;
				CLANG_WARN_SUSPICIOUS_MOVE = YES;
				CLANG_WARN_UNGUARDED_AVAILABILITY = YES_AGGRESSIVE;
				CLANG_WARN_UNREACHABLE_CODE = YES;
				CLANG_WARN__DUPLICATE_METHOD_MATCH = YES;
				COPY_PHASE_STRIP = NO;
				DEBUG_INFORMATION_FORMAT = "dwarf-with-dsym";
				ENABLE_NS_ASSERTIONS = NO;
				ENABLE_STRICT_OBJC_MSGSEND = YES;
				GCC_C_LANGUAGE_STANDARD = gnu11;
				GCC_NO_COMMON_BLOCKS = YES;
				GCC_WARN_64_TO_32_BIT_CONVERSION = YES;
				GCC_WARN_ABOUT_RETURN_TYPE = YES_ERROR;
				GCC_WARN_UNDECLARED_SELECTOR = YES;
				GCC_WARN_UNINITIALIZED_AUTOS = YES_AGGRESSIVE;
				GCC_WARN_UNUSED_FUNCTION = YES;
				GCC_WARN_UNUSED_VARIABLE = YES;
				IPHONEOS_DEPLOYMENT_TARGET = 15.5;
				MTL_ENABLE_DEBUG_INFO = NO;
				MTL_FAST_MATH = YES;
				SDKROOT = iphoneos;
				SWIFT_COMPILATION_MODE = wholemodule;
				SWIFT_OPTIMIZATION_LEVEL = "-O";
				VALIDATE_PRODUCT = YES;
			};
			name = Release;
		};
		68ABD12C28DB460B00F38B40 /* Debug */ = {
			isa = XCBuildConfiguration;
			buildSettings = {
				ASSETCATALOG_COMPILER_APPICON_NAME = AppIcon;
				ASSETCATALOG_COMPILER_GLOBAL_ACCENT_COLOR_NAME = AccentColor;
				CODE_SIGN_STYLE = Automatic;
				CURRENT_PROJECT_VERSION = 1;
				GENERATE_INFOPLIST_FILE = YES;
				INFOPLIST_FILE = FatoreFibo/Info.plist;
				INFOPLIST_KEY_UIApplicationSupportsIndirectInputEvents = YES;
				INFOPLIST_KEY_UILaunchStoryboardName = LaunchScreen;
				INFOPLIST_KEY_UIMainStoryboardFile = Main;
				INFOPLIST_KEY_UISupportedInterfaceOrientations = "";
				INFOPLIST_KEY_UISupportedInterfaceOrientations_iPad = "UIInterfaceOrientationPortrait UIInterfaceOrientationPortraitUpsideDown UIInterfaceOrientationLandscapeLeft UIInterfaceOrientationLandscapeRight";
				INFOPLIST_KEY_UISupportedInterfaceOrientations_iPhone = "UIInterfaceOrientationPortrait UIInterfaceOrientationLandscapeLeft UIInterfaceOrientationLandscapeRight";
				LD_RUNPATH_SEARCH_PATHS = (
					"$(inherited)",
					"@executable_path/Frameworks",
				);
				MARKETING_VERSION = 1.0;
				PRODUCT_BUNDLE_IDENTIFIER = com.khevem.FatoreFibo;
				PRODUCT_NAME = "$(TARGET_NAME)";
				SWIFT_EMIT_LOC_STRINGS = YES;
				SWIFT_VERSION = 5.0;
				TARGETED_DEVICE_FAMILY = "1,2";
			};
			name = Debug;
		};
		68ABD12D28DB460B00F38B40 /* Release */ = {
			isa = XCBuildConfiguration;
			buildSettings = {
				ASSETCATALOG_COMPILER_APPICON_NAME = AppIcon;
				ASSETCATALOG_COMPILER_GLOBAL_ACCENT_COLOR_NAME = AccentColor;
				CODE_SIGN_STYLE = Automatic;
				CURRENT_PROJECT_VERSION = 1;
				GENERATE_INFOPLIST_FILE = YES;
				INFOPLIST_FILE = FatoreFibo/Info.plist;
				INFOPLIST_KEY_UIApplicationSupportsIndirectInputEvents = YES;
				INFOPLIST_KEY_UILaunchStoryboardName = LaunchScreen;
				INFOPLIST_KEY_UIMainStoryboardFile = Main;
				INFOPLIST_KEY_UISupportedInterfaceOrientations = "";
				INFOPLIST_KEY_UISupportedInterfaceOrientations_iPad = "UIInterfaceOrientationPortrait UIInterfaceOrientationPortraitUpsideDown UIInterfaceOrientationLandscapeLeft UIInterfaceOrientationLandscapeRight";
				INFOPLIST_KEY_UISupportedInterfaceOrientations_iPhone = "UIInterfaceOrientationPortrait UIInterfaceOrientationLandscapeLeft UIInterfaceOrientationLandscapeRight";
				LD_RUNPATH_SEARCH_PATHS = (
					"$(inherited)",
					"@executable_path/Frameworks",
				);
				MARKETING_VERSION = 1.0;
				PRODUCT_BUNDLE_IDENTIFIER = com.khevem.FatoreFibo;
				PRODUCT_NAME = "$(TARGET_NAME)";
				SWIFT_EMIT_LOC_STRINGS = YES;
				SWIFT_VERSION = 5.0;
				TARGETED_DEVICE_FAMILY = "1,2";
			};
			name = Release;
		};
/* End XCBuildConfiguration section */

/* Begin XCConfigurationList section */
		68ABD11228DB460900F38B40 /* Build configuration list for PBXProject "FatoreFibo" */ = {
			isa = XCConfigurationList;
			buildConfigurations = (
				68ABD12928DB460B00F38B40 /* Debug */,
				68ABD12A28DB460B00F38B40 /* Release */,
			);
			defaultConfigurationIsVisible = 0;
			defaultConfigurationName = Release;
		};
		68ABD12B28DB460B00F38B40 /* Build configuration list for PBXNativeTarget "FatoreFibo" */ = {
			isa = XCConfigurationList;
			buildConfigurations = (
				68ABD12C28DB460B00F38B40 /* Debug */,
				68ABD12D28DB460B00F38B40 /* Release */,
			);
			defaultConfigurationIsVisible = 0;
			defaultConfigurationName = Release;
		};
/* End XCConfigurationList section */
	};
	rootObject = 68ABD10F28DB460900F38B40 /* Project object */;
}
